// !$*UTF8*$!
{
	archiveVersion = 1;
	classes = {
	};
	objectVersion = 50;
	objects = {

/* Begin PBXBuildFile section */
		54DEB714181644EF41FF357A /* Pods_FileManagerTests.framework in Frameworks */ = {isa = PBXBuildFile; fileRef = 218523F0D952DFE4D878EE54 /* Pods_FileManagerTests.framework */; };
		B05BEC9475DE8D171F6E6CC1 /* Pods_FileManager_FileManagerUITests.framework in Frameworks */ = {isa = PBXBuildFile; fileRef = 46B4FE36FE8ABD7D47945FC9 /* Pods_FileManager_FileManagerUITests.framework */; };
		BFF2DCDE549968B8BF9C98B5 /* Pods_FileManager.framework in Frameworks */ = {isa = PBXBuildFile; fileRef = 7F8785219E6A1139D9D404C9 /* Pods_FileManager.framework */; };
		C61E643A26E8D60B0025295A /* AppDelegate.swift in Sources */ = {isa = PBXBuildFile; fileRef = C61E643926E8D60B0025295A /* AppDelegate.swift */; };
		C61E643C26E8D60B0025295A /* SceneDelegate.swift in Sources */ = {isa = PBXBuildFile; fileRef = C61E643B26E8D60B0025295A /* SceneDelegate.swift */; };
		C61E643E26E8D60B0025295A /* ViewController.swift in Sources */ = {isa = PBXBuildFile; fileRef = C61E643D26E8D60B0025295A /* ViewController.swift */; };
		C61E644326E8D6100025295A /* Assets.xcassets in Resources */ = {isa = PBXBuildFile; fileRef = C61E644226E8D6100025295A /* Assets.xcassets */; };
		C61E644626E8D6100025295A /* LaunchScreen.storyboard in Resources */ = {isa = PBXBuildFile; fileRef = C61E644426E8D6100025295A /* LaunchScreen.storyboard */; };
		C61E645126E8D6100025295A /* FileManagerTests.swift in Sources */ = {isa = PBXBuildFile; fileRef = C61E645026E8D6100025295A /* FileManagerTests.swift */; };
		C61E645C26E8D6110025295A /* FileManagerUITests.swift in Sources */ = {isa = PBXBuildFile; fileRef = C61E645B26E8D6110025295A /* FileManagerUITests.swift */; };
		C6A2E2FD26EBB625008CA81E /* LoginViewController.swift in Sources */ = {isa = PBXBuildFile; fileRef = C6A2E2FC26EBB625008CA81E /* LoginViewController.swift */; };
/* End PBXBuildFile section */

/* Begin PBXContainerItemProxy section */
		C61E644D26E8D6100025295A /* PBXContainerItemProxy */ = {
			isa = PBXContainerItemProxy;
			containerPortal = C61E642E26E8D60B0025295A /* Project object */;
			proxyType = 1;
			remoteGlobalIDString = C61E643526E8D60B0025295A;
			remoteInfo = FileManager;
		};
		C61E645826E8D6110025295A /* PBXContainerItemProxy */ = {
			isa = PBXContainerItemProxy;
			containerPortal = C61E642E26E8D60B0025295A /* Project object */;
			proxyType = 1;
			remoteGlobalIDString = C61E643526E8D60B0025295A;
			remoteInfo = FileManager;
		};
/* End PBXContainerItemProxy section */

/* Begin PBXFileReference section */
		08DD1145E9AE9E3B33BBD25A /* Pods-FileManagerTests.debug.xcconfig */ = {isa = PBXFileReference; includeInIndex = 1; lastKnownFileType = text.xcconfig; name = "Pods-FileManagerTests.debug.xcconfig"; path = "Target Support Files/Pods-FileManagerTests/Pods-FileManagerTests.debug.xcconfig"; sourceTree = "<group>"; };
		218523F0D952DFE4D878EE54 /* Pods_FileManagerTests.framework */ = {isa = PBXFileReference; explicitFileType = wrapper.framework; includeInIndex = 0; path = Pods_FileManagerTests.framework; sourceTree = BUILT_PRODUCTS_DIR; };
		46B4FE36FE8ABD7D47945FC9 /* Pods_FileManager_FileManagerUITests.framework */ = {isa = PBXFileReference; explicitFileType = wrapper.framework; includeInIndex = 0; path = Pods_FileManager_FileManagerUITests.framework; sourceTree = BUILT_PRODUCTS_DIR; };
		690F0654BAC74A979312E766 /* Pods-FileManager.debug.xcconfig */ = {isa = PBXFileReference; includeInIndex = 1; lastKnownFileType = text.xcconfig; name = "Pods-FileManager.debug.xcconfig"; path = "Target Support Files/Pods-FileManager/Pods-FileManager.debug.xcconfig"; sourceTree = "<group>"; };
		7F224E5683EC1E3E044B91C4 /* Pods-FileManagerTests.release.xcconfig */ = {isa = PBXFileReference; includeInIndex = 1; lastKnownFileType = text.xcconfig; name = "Pods-FileManagerTests.release.xcconfig"; path = "Target Support Files/Pods-FileManagerTests/Pods-FileManagerTests.release.xcconfig"; sourceTree = "<group>"; };
		7F8785219E6A1139D9D404C9 /* Pods_FileManager.framework */ = {isa = PBXFileReference; explicitFileType = wrapper.framework; includeInIndex = 0; path = Pods_FileManager.framework; sourceTree = BUILT_PRODUCTS_DIR; };
		90B8AC96C9DA5DB2ED6836A4 /* Pods-FileManager.release.xcconfig */ = {isa = PBXFileReference; includeInIndex = 1; lastKnownFileType = text.xcconfig; name = "Pods-FileManager.release.xcconfig"; path = "Target Support Files/Pods-FileManager/Pods-FileManager.release.xcconfig"; sourceTree = "<group>"; };
		A6E86C8E8D5199C11D27778C /* Pods-FileManager-FileManagerUITests.release.xcconfig */ = {isa = PBXFileReference; includeInIndex = 1; lastKnownFileType = text.xcconfig; name = "Pods-FileManager-FileManagerUITests.release.xcconfig"; path = "Target Support Files/Pods-FileManager-FileManagerUITests/Pods-FileManager-FileManagerUITests.release.xcconfig"; sourceTree = "<group>"; };
		C61E643626E8D60B0025295A /* FileManager.app */ = {isa = PBXFileReference; explicitFileType = wrapper.application; includeInIndex = 0; path = FileManager.app; sourceTree = BUILT_PRODUCTS_DIR; };
		C61E643926E8D60B0025295A /* AppDelegate.swift */ = {isa = PBXFileReference; lastKnownFileType = sourcecode.swift; path = AppDelegate.swift; sourceTree = "<group>"; };
		C61E643B26E8D60B0025295A /* SceneDelegate.swift */ = {isa = PBXFileReference; lastKnownFileType = sourcecode.swift; path = SceneDelegate.swift; sourceTree = "<group>"; };
		C61E643D26E8D60B0025295A /* ViewController.swift */ = {isa = PBXFileReference; lastKnownFileType = sourcecode.swift; path = ViewController.swift; sourceTree = "<group>"; };
		C61E644226E8D6100025295A /* Assets.xcassets */ = {isa = PBXFileReference; lastKnownFileType = folder.assetcatalog; path = Assets.xcassets; sourceTree = "<group>"; };
		C61E644526E8D6100025295A /* Base */ = {isa = PBXFileReference; lastKnownFileType = file.storyboard; name = Base; path = Base.lproj/LaunchScreen.storyboard; sourceTree = "<group>"; };
		C61E644726E8D6100025295A /* Info.plist */ = {isa = PBXFileReference; lastKnownFileType = text.plist.xml; path = Info.plist; sourceTree = "<group>"; };
		C61E644C26E8D6100025295A /* FileManagerTests.xctest */ = {isa = PBXFileReference; explicitFileType = wrapper.cfbundle; includeInIndex = 0; path = FileManagerTests.xctest; sourceTree = BUILT_PRODUCTS_DIR; };
		C61E645026E8D6100025295A /* FileManagerTests.swift */ = {isa = PBXFileReference; lastKnownFileType = sourcecode.swift; path = FileManagerTests.swift; sourceTree = "<group>"; };
		C61E645226E8D6100025295A /* Info.plist */ = {isa = PBXFileReference; lastKnownFileType = text.plist.xml; path = Info.plist; sourceTree = "<group>"; };
		C61E645726E8D6110025295A /* FileManagerUITests.xctest */ = {isa = PBXFileReference; explicitFileType = wrapper.cfbundle; includeInIndex = 0; path = FileManagerUITests.xctest; sourceTree = BUILT_PRODUCTS_DIR; };
		C61E645B26E8D6110025295A /* FileManagerUITests.swift */ = {isa = PBXFileReference; lastKnownFileType = sourcecode.swift; path = FileManagerUITests.swift; sourceTree = "<group>"; };
		C61E645D26E8D6110025295A /* Info.plist */ = {isa = PBXFileReference; lastKnownFileType = text.plist.xml; path = Info.plist; sourceTree = "<group>"; };
		C6A2E2FC26EBB625008CA81E /* LoginViewController.swift */ = {isa = PBXFileReference; lastKnownFileType = sourcecode.swift; path = LoginViewController.swift; sourceTree = "<group>"; };
		F2DE3D21D9D7C814411F7F11 /* Pods-FileManager-FileManagerUITests.debug.xcconfig */ = {isa = PBXFileReference; includeInIndex = 1; lastKnownFileType = text.xcconfig; name = "Pods-FileManager-FileManagerUITests.debug.xcconfig"; path = "Target Support Files/Pods-FileManager-FileManagerUITests/Pods-FileManager-FileManagerUITests.debug.xcconfig"; sourceTree = "<group>"; };
/* End PBXFileReference section */

/* Begin PBXFrameworksBuildPhase section */
		C61E643326E8D60B0025295A /* Frameworks */ = {
			isa = PBXFrameworksBuildPhase;
			buildActionMask = 2147483647;
			files = (
				BFF2DCDE549968B8BF9C98B5 /* Pods_FileManager.framework in Frameworks */,
			);
			runOnlyForDeploymentPostprocessing = 0;
		};
		C61E644926E8D6100025295A /* Frameworks */ = {
			isa = PBXFrameworksBuildPhase;
			buildActionMask = 2147483647;
			files = (
				54DEB714181644EF41FF357A /* Pods_FileManagerTests.framework in Frameworks */,
			);
			runOnlyForDeploymentPostprocessing = 0;
		};
		C61E645426E8D6110025295A /* Frameworks */ = {
			isa = PBXFrameworksBuildPhase;
			buildActionMask = 2147483647;
			files = (
				B05BEC9475DE8D171F6E6CC1 /* Pods_FileManager_FileManagerUITests.framework in Frameworks */,
			);
			runOnlyForDeploymentPostprocessing = 0;
		};
/* End PBXFrameworksBuildPhase section */

/* Begin PBXGroup section */
		C61E642D26E8D60B0025295A = {
			isa = PBXGroup;
			children = (
				C61E643826E8D60B0025295A /* FileManager */,
				C61E644F26E8D6100025295A /* FileManagerTests */,
				C61E645A26E8D6110025295A /* FileManagerUITests */,
				C61E643726E8D60B0025295A /* Products */,
				F46BFFA492229A782D017A12 /* Pods */,
				F68EE77BA21A5DD6483789AF /* Frameworks */,
			);
			sourceTree = "<group>";
		};
		C61E643726E8D60B0025295A /* Products */ = {
			isa = PBXGroup;
			children = (
				C61E643626E8D60B0025295A /* FileManager.app */,
				C61E644C26E8D6100025295A /* FileManagerTests.xctest */,
				C61E645726E8D6110025295A /* FileManagerUITests.xctest */,
			);
			name = Products;
			sourceTree = "<group>";
		};
		C61E643826E8D60B0025295A /* FileManager */ = {
			isa = PBXGroup;
			children = (
				C61E643926E8D60B0025295A /* AppDelegate.swift */,
				C61E643B26E8D60B0025295A /* SceneDelegate.swift */,
				C61E643D26E8D60B0025295A /* ViewController.swift */,
				C6A2E2FC26EBB625008CA81E /* LoginViewController.swift */,
				C61E644226E8D6100025295A /* Assets.xcassets */,
				C61E644426E8D6100025295A /* LaunchScreen.storyboard */,
				C61E644726E8D6100025295A /* Info.plist */,
			);
			path = FileManager;
			sourceTree = "<group>";
		};
		C61E644F26E8D6100025295A /* FileManagerTests */ = {
			isa = PBXGroup;
			children = (
				C61E645026E8D6100025295A /* FileManagerTests.swift */,
				C61E645226E8D6100025295A /* Info.plist */,
			);
			path = FileManagerTests;
			sourceTree = "<group>";
		};
		C61E645A26E8D6110025295A /* FileManagerUITests */ = {
			isa = PBXGroup;
			children = (
				C61E645B26E8D6110025295A /* FileManagerUITests.swift */,
				C61E645D26E8D6110025295A /* Info.plist */,
			);
			path = FileManagerUITests;
			sourceTree = "<group>";
		};
		F46BFFA492229A782D017A12 /* Pods */ = {
			isa = PBXGroup;
			children = (
				690F0654BAC74A979312E766 /* Pods-FileManager.debug.xcconfig */,
				90B8AC96C9DA5DB2ED6836A4 /* Pods-FileManager.release.xcconfig */,
				F2DE3D21D9D7C814411F7F11 /* Pods-FileManager-FileManagerUITests.debug.xcconfig */,
				A6E86C8E8D5199C11D27778C /* Pods-FileManager-FileManagerUITests.release.xcconfig */,
				08DD1145E9AE9E3B33BBD25A /* Pods-FileManagerTests.debug.xcconfig */,
				7F224E5683EC1E3E044B91C4 /* Pods-FileManagerTests.release.xcconfig */,
			);
			name = Pods;
			path = Pods;
			sourceTree = "<group>";
		};
		F68EE77BA21A5DD6483789AF /* Frameworks */ = {
			isa = PBXGroup;
			children = (
				7F8785219E6A1139D9D404C9 /* Pods_FileManager.framework */,
				46B4FE36FE8ABD7D47945FC9 /* Pods_FileManager_FileManagerUITests.framework */,
				218523F0D952DFE4D878EE54 /* Pods_FileManagerTests.framework */,
			);
			name = Frameworks;
			sourceTree = "<group>";
		};
/* End PBXGroup section */

/* Begin PBXNativeTarget section */
		C61E643526E8D60B0025295A /* FileManager */ = {
			isa = PBXNativeTarget;
			buildConfigurationList = C61E646026E8D6110025295A /* Build configuration list for PBXNativeTarget "FileManager" */;
			buildPhases = (
				437F87AAEE405DB33203C11D /* [CP] Check Pods Manifest.lock */,
				C61E643226E8D60B0025295A /* Sources */,
				C61E643326E8D60B0025295A /* Frameworks */,
				C61E643426E8D60B0025295A /* Resources */,
				C4419F8E62B84789ECECB10F /* [CP] Embed Pods Frameworks */,
			);
			buildRules = (
			);
			dependencies = (
			);
			name = FileManager;
			productName = FileManager;
			productReference = C61E643626E8D60B0025295A /* FileManager.app */;
			productType = "com.apple.product-type.application";
		};
		C61E644B26E8D6100025295A /* FileManagerTests */ = {
			isa = PBXNativeTarget;
			buildConfigurationList = C61E646326E8D6110025295A /* Build configuration list for PBXNativeTarget "FileManagerTests" */;
			buildPhases = (
				D5DCDCE35296503B8DA43209 /* [CP] Check Pods Manifest.lock */,
				C61E644826E8D6100025295A /* Sources */,
				C61E644926E8D6100025295A /* Frameworks */,
				C61E644A26E8D6100025295A /* Resources */,
			);
			buildRules = (
			);
			dependencies = (
				C61E644E26E8D6100025295A /* PBXTargetDependency */,
			);
			name = FileManagerTests;
			productName = FileManagerTests;
			productReference = C61E644C26E8D6100025295A /* FileManagerTests.xctest */;
			productType = "com.apple.product-type.bundle.unit-test";
		};
		C61E645626E8D6110025295A /* FileManagerUITests */ = {
			isa = PBXNativeTarget;
			buildConfigurationList = C61E646626E8D6110025295A /* Build configuration list for PBXNativeTarget "FileManagerUITests" */;
			buildPhases = (
				41EA6716DC83FA9A548FD74F /* [CP] Check Pods Manifest.lock */,
				C61E645326E8D6110025295A /* Sources */,
				C61E645426E8D6110025295A /* Frameworks */,
				C61E645526E8D6110025295A /* Resources */,
				754EA50C5420439F3703DD28 /* [CP] Embed Pods Frameworks */,
			);
			buildRules = (
			);
			dependencies = (
				C61E645926E8D6110025295A /* PBXTargetDependency */,
			);
			name = FileManagerUITests;
			productName = FileManagerUITests;
			productReference = C61E645726E8D6110025295A /* FileManagerUITests.xctest */;
			productType = "com.apple.product-type.bundle.ui-testing";
		};
/* End PBXNativeTarget section */

/* Begin PBXProject section */
		C61E642E26E8D60B0025295A /* Project object */ = {
			isa = PBXProject;
			attributes = {
				LastSwiftUpdateCheck = 1250;
				LastUpgradeCheck = 1250;
				TargetAttributes = {
					C61E643526E8D60B0025295A = {
						CreatedOnToolsVersion = 12.5;
					};
					C61E644B26E8D6100025295A = {
						CreatedOnToolsVersion = 12.5;
						TestTargetID = C61E643526E8D60B0025295A;
					};
					C61E645626E8D6110025295A = {
						CreatedOnToolsVersion = 12.5;
						TestTargetID = C61E643526E8D60B0025295A;
					};
				};
			};
			buildConfigurationList = C61E643126E8D60B0025295A /* Build configuration list for PBXProject "FileManager" */;
			compatibilityVersion = "Xcode 9.3";
			developmentRegion = en;
			hasScannedForEncodings = 0;
			knownRegions = (
				en,
				Base,
			);
			mainGroup = C61E642D26E8D60B0025295A;
			productRefGroup = C61E643726E8D60B0025295A /* Products */;
			projectDirPath = "";
			projectRoot = "";
			targets = (
				C61E643526E8D60B0025295A /* FileManager */,
				C61E644B26E8D6100025295A /* FileManagerTests */,
				C61E645626E8D6110025295A /* FileManagerUITests */,
			);
		};
/* End PBXProject section */

/* Begin PBXResourcesBuildPhase section */
		C61E643426E8D60B0025295A /* Resources */ = {
			isa = PBXResourcesBuildPhase;
			buildActionMask = 2147483647;
			files = (
				C61E644626E8D6100025295A /* LaunchScreen.storyboard in Resources */,
				C61E644326E8D6100025295A /* Assets.xcassets in Resources */,
			);
			runOnlyForDeploymentPostprocessing = 0;
		};
		C61E644A26E8D6100025295A /* Resources */ = {
			isa = PBXResourcesBuildPhase;
			buildActionMask = 2147483647;
			files = (
			);
			runOnlyForDeploymentPostprocessing = 0;
		};
		C61E645526E8D6110025295A /* Resources */ = {
			isa = PBXResourcesBuildPhase;
			buildActionMask = 2147483647;
			files = (
			);
			runOnlyForDeploymentPostprocessing = 0;
		};
/* End PBXResourcesBuildPhase section */

/* Begin PBXShellScriptBuildPhase section */
		41EA6716DC83FA9A548FD74F /* [CP] Check Pods Manifest.lock */ = {
			isa = PBXShellScriptBuildPhase;
			buildActionMask = 2147483647;
			files = (
			);
			inputFileListPaths = (
			);
			inputPaths = (
				"${PODS_PODFILE_DIR_PATH}/Podfile.lock",
				"${PODS_ROOT}/Manifest.lock",
			);
			name = "[CP] Check Pods Manifest.lock";
			outputFileListPaths = (
			);
			outputPaths = (
				"$(DERIVED_FILE_DIR)/Pods-FileManager-FileManagerUITests-checkManifestLockResult.txt",
			);
			runOnlyForDeploymentPostprocessing = 0;
			shellPath = /bin/sh;
			shellScript = "diff \"${PODS_PODFILE_DIR_PATH}/Podfile.lock\" \"${PODS_ROOT}/Manifest.lock\" > /dev/null\nif [ $? != 0 ] ; then\n    # print error to STDERR\n    echo \"error: The sandbox is not in sync with the Podfile.lock. Run 'pod install' or update your CocoaPods installation.\" >&2\n    exit 1\nfi\n# This output is used by Xcode 'outputs' to avoid re-running this script phase.\necho \"SUCCESS\" > \"${SCRIPT_OUTPUT_FILE_0}\"\n";
			showEnvVarsInLog = 0;
		};
		437F87AAEE405DB33203C11D /* [CP] Check Pods Manifest.lock */ = {
			isa = PBXShellScriptBuildPhase;
			buildActionMask = 2147483647;
			files = (
			);
			inputFileListPaths = (
			);
			inputPaths = (
				"${PODS_PODFILE_DIR_PATH}/Podfile.lock",
				"${PODS_ROOT}/Manifest.lock",
			);
			name = "[CP] Check Pods Manifest.lock";
			outputFileListPaths = (
			);
			outputPaths = (
				"$(DERIVED_FILE_DIR)/Pods-FileManager-checkManifestLockResult.txt",
			);
			runOnlyForDeploymentPostprocessing = 0;
			shellPath = /bin/sh;
			shellScript = "diff \"${PODS_PODFILE_DIR_PATH}/Podfile.lock\" \"${PODS_ROOT}/Manifest.lock\" > /dev/null\nif [ $? != 0 ] ; then\n    # print error to STDERR\n    echo \"error: The sandbox is not in sync with the Podfile.lock. Run 'pod install' or update your CocoaPods installation.\" >&2\n    exit 1\nfi\n# This output is used by Xcode 'outputs' to avoid re-running this script phase.\necho \"SUCCESS\" > \"${SCRIPT_OUTPUT_FILE_0}\"\n";
			showEnvVarsInLog = 0;
		};
		754EA50C5420439F3703DD28 /* [CP] Embed Pods Frameworks */ = {
			isa = PBXShellScriptBuildPhase;
			buildActionMask = 2147483647;
			files = (
			);
			inputFileListPaths = (
				"${PODS_ROOT}/Target Support Files/Pods-FileManager-FileManagerUITests/Pods-FileManager-FileManagerUITests-frameworks-${CONFIGURATION}-input-files.xcfilelist",
			);
			name = "[CP] Embed Pods Frameworks";
			outputFileListPaths = (
				"${PODS_ROOT}/Target Support Files/Pods-FileManager-FileManagerUITests/Pods-FileManager-FileManagerUITests-frameworks-${CONFIGURATION}-output-files.xcfilelist",
			);
			runOnlyForDeploymentPostprocessing = 0;
			shellPath = /bin/sh;
			shellScript = "\"${PODS_ROOT}/Target Support Files/Pods-FileManager-FileManagerUITests/Pods-FileManager-FileManagerUITests-frameworks.sh\"\n";
			showEnvVarsInLog = 0;
		};
		C4419F8E62B84789ECECB10F /* [CP] Embed Pods Frameworks */ = {
			isa = PBXShellScriptBuildPhase;
			buildActionMask = 2147483647;
			files = (
			);
			inputFileListPaths = (
				"${PODS_ROOT}/Target Support Files/Pods-FileManager/Pods-FileManager-frameworks-${CONFIGURATION}-input-files.xcfilelist",
			);
			name = "[CP] Embed Pods Frameworks";
			outputFileListPaths = (
				"${PODS_ROOT}/Target Support Files/Pods-FileManager/Pods-FileManager-frameworks-${CONFIGURATION}-output-files.xcfilelist",
			);
			runOnlyForDeploymentPostprocessing = 0;
			shellPath = /bin/sh;
			shellScript = "\"${PODS_ROOT}/Target Support Files/Pods-FileManager/Pods-FileManager-frameworks.sh\"\n";
			showEnvVarsInLog = 0;
		};
		D5DCDCE35296503B8DA43209 /* [CP] Check Pods Manifest.lock */ = {
			isa = PBXShellScriptBuildPhase;
			buildActionMask = 2147483647;
			files = (
			);
			inputFileListPaths = (
			);
			inputPaths = (
				"${PODS_PODFILE_DIR_PATH}/Podfile.lock",
				"${PODS_ROOT}/Manifest.lock",
			);
			name = "[CP] Check Pods Manifest.lock";
			outputFileListPaths = (
			);
			outputPaths = (
				"$(DERIVED_FILE_DIR)/Pods-FileManagerTests-checkManifestLockResult.txt",
			);
			runOnlyForDeploymentPostprocessing = 0;
			shellPath = /bin/sh;
			shellScript = "diff \"${PODS_PODFILE_DIR_PATH}/Podfile.lock\" \"${PODS_ROOT}/Manifest.lock\" > /dev/null\nif [ $? != 0 ] ; then\n    # print error to STDERR\n    echo \"error: The sandbox is not in sync with the Podfile.lock. Run 'pod install' or update your CocoaPods installation.\" >&2\n    exit 1\nfi\n# This output is used by Xcode 'outputs' to avoid re-running this script phase.\necho \"SUCCESS\" > \"${SCRIPT_OUTPUT_FILE_0}\"\n";
			showEnvVarsInLog = 0;
		};
/* End PBXShellScriptBuildPhase section */

/* Begin PBXSourcesBuildPhase section */
		C61E643226E8D60B0025295A /* Sources */ = {
			isa = PBXSourcesBuildPhase;
			buildActionMask = 2147483647;
			files = (
				C6A2E2FD26EBB625008CA81E /* LoginViewController.swift in Sources */,
				C61E643E26E8D60B0025295A /* ViewController.swift in Sources */,
				C61E643A26E8D60B0025295A /* AppDelegate.swift in Sources */,
				C61E643C26E8D60B0025295A /* SceneDelegate.swift in Sources */,
			);
			runOnlyForDeploymentPostprocessing = 0;
		};
		C61E644826E8D6100025295A /* Sources */ = {
			isa = PBXSourcesBuildPhase;
			buildActionMask = 2147483647;
			files = (
				C61E645126E8D6100025295A /* FileManagerTests.swift in Sources */,
			);
			runOnlyForDeploymentPostprocessing = 0;
		};
		C61E645326E8D6110025295A /* Sources */ = {
			isa = PBXSourcesBuildPhase;
			buildActionMask = 2147483647;
			files = (
				C61E645C26E8D6110025295A /* FileManagerUITests.swift in Sources */,
			);
			runOnlyForDeploymentPostprocessing = 0;
		};
/* End PBXSourcesBuildPhase section */

/* Begin PBXTargetDependency section */
		C61E644E26E8D6100025295A /* PBXTargetDependency */ = {
			isa = PBXTargetDependency;
			target = C61E643526E8D60B0025295A /* FileManager */;
			targetProxy = C61E644D26E8D6100025295A /* PBXContainerItemProxy */;
		};
		C61E645926E8D6110025295A /* PBXTargetDependency */ = {
			isa = PBXTargetDependency;
			target = C61E643526E8D60B0025295A /* FileManager */;
			targetProxy = C61E645826E8D6110025295A /* PBXContainerItemProxy */;
		};
/* End PBXTargetDependency section */

/* Begin PBXVariantGroup section */
		C61E644426E8D6100025295A /* LaunchScreen.storyboard */ = {
			isa = PBXVariantGroup;
			children = (
				C61E644526E8D6100025295A /* Base */,
			);
			name = LaunchScreen.storyboard;
			sourceTree = "<group>";
		};
/* End PBXVariantGroup section */

/* Begin XCBuildConfiguration section */
		C61E645E26E8D6110025295A /* Debug */ = {
			isa = XCBuildConfiguration;
			buildSettings = {
				ALWAYS_SEARCH_USER_PATHS = NO;
				CLANG_ANALYZER_NONNULL = YES;
				CLANG_ANALYZER_NUMBER_OBJECT_CONVERSION = YES_AGGRESSIVE;
				CLANG_CXX_LANGUAGE_STANDARD = "gnu++14";
				CLANG_CXX_LIBRARY = "libc++";
				CLANG_ENABLE_MODULES = YES;
				CLANG_ENABLE_OBJC_ARC = YES;
				CLANG_ENABLE_OBJC_WEAK = YES;
				CLANG_WARN_BLOCK_CAPTURE_AUTORELEASING = YES;
				CLANG_WARN_BOOL_CONVERSION = YES;
				CLANG_WARN_COMMA = YES;
				CLANG_WARN_CONSTANT_CONVERSION = YES;
				CLANG_WARN_DEPRECATED_OBJC_IMPLEMENTATIONS = YES;
				CLANG_WARN_DIRECT_OBJC_ISA_USAGE = YES_ERROR;
				CLANG_WARN_DOCUMENTATION_COMMENTS = YES;
				CLANG_WARN_EMPTY_BODY = YES;
				CLANG_WARN_ENUM_CONVERSION = YES;
				CLANG_WARN_INFINITE_RECURSION = YES;
				CLANG_WARN_INT_CONVERSION = YES;
				CLANG_WARN_NON_LITERAL_NULL_CONVERSION = YES;
				CLANG_WARN_OBJC_IMPLICIT_RETAIN_SELF = YES;
				CLANG_WARN_OBJC_LITERAL_CONVERSION = YES;
				CLANG_WARN_OBJC_ROOT_CLASS = YES_ERROR;
				CLANG_WARN_QUOTED_INCLUDE_IN_FRAMEWORK_HEADER = YES;
				CLANG_WARN_RANGE_LOOP_ANALYSIS = YES;
				CLANG_WARN_STRICT_PROTOTYPES = YES;
				CLANG_WARN_SUSPICIOUS_MOVE = YES;
				CLANG_WARN_UNGUARDED_AVAILABILITY = YES_AGGRESSIVE;
				CLANG_WARN_UNREACHABLE_CODE = YES;
				CLANG_WARN__DUPLICATE_METHOD_MATCH = YES;
				COPY_PHASE_STRIP = NO;
				DEBUG_INFORMATION_FORMAT = dwarf;
				ENABLE_STRICT_OBJC_MSGSEND = YES;
				ENABLE_TESTABILITY = YES;
				GCC_C_LANGUAGE_STANDARD = gnu11;
				GCC_DYNAMIC_NO_PIC = NO;
				GCC_NO_COMMON_BLOCKS = YES;
				GCC_OPTIMIZATION_LEVEL = 0;
				GCC_PREPROCESSOR_DEFINITIONS = (
					"DEBUG=1",
					"$(inherited)",
				);
				GCC_WARN_64_TO_32_BIT_CONVERSION = YES;
				GCC_WARN_ABOUT_RETURN_TYPE = YES_ERROR;
				GCC_WARN_UNDECLARED_SELECTOR = YES;
				GCC_WARN_UNINITIALIZED_AUTOS = YES_AGGRESSIVE;
				GCC_WARN_UNUSED_FUNCTION = YES;
				GCC_WARN_UNUSED_VARIABLE = YES;
				IPHONEOS_DEPLOYMENT_TARGET = 14.5;
				MTL_ENABLE_DEBUG_INFO = INCLUDE_SOURCE;
				MTL_FAST_MATH = YES;
				ONLY_ACTIVE_ARCH = YES;
				SDKROOT = iphoneos;
				SWIFT_ACTIVE_COMPILATION_CONDITIONS = DEBUG;
				SWIFT_OPTIMIZATION_LEVEL = "-Onone";
			};
			name = Debug;
		};
		C61E645F26E8D6110025295A /* Release */ = {
			isa = XCBuildConfiguration;
			buildSettings = {
				ALWAYS_SEARCH_USER_PATHS = NO;
				CLANG_ANALYZER_NONNULL = YES;
				CLANG_ANALYZER_NUMBER_OBJECT_CONVERSION = YES_AGGRESSIVE;
				CLANG_CXX_LANGUAGE_STANDARD = "gnu++14";
				CLANG_CXX_LIBRARY = "libc++";
				CLANG_ENABLE_MODULES = YES;
				CLANG_ENABLE_OBJC_ARC = YES;
				CLANG_ENABLE_OBJC_WEAK = YES;
				CLANG_WARN_BLOCK_CAPTURE_AUTORELEASING = YES;
				CLANG_WARN_BOOL_CONVERSION = YES;
				CLANG_WARN_COMMA = YES;
				CLANG_WARN_CONSTANT_CONVERSION = YES;
				CLANG_WARN_DEPRECATED_OBJC_IMPLEMENTATIONS = YES;
				CLANG_WARN_DIRECT_OBJC_ISA_USAGE = YES_ERROR;
				CLANG_WARN_DOCUMENTATION_COMMENTS = YES;
				CLANG_WARN_EMPTY_BODY = YES;
				CLANG_WARN_ENUM_CONVERSION = YES;
				CLANG_WARN_INFINITE_RECURSION = YES;
				CLANG_WARN_INT_CONVERSION = YES;
				CLANG_WARN_NON_LITERAL_NULL_CONVERSION = YES;
				CLANG_WARN_OBJC_IMPLICIT_RETAIN_SELF = YES;
				CLANG_WARN_OBJC_LITERAL_CONVERSION = YES;
				CLANG_WARN_OBJC_ROOT_CLASS = YES_ERROR;
				CLANG_WARN_QUOTED_INCLUDE_IN_FRAMEWORK_HEADER = YES;
				CLANG_WARN_RANGE_LOOP_ANALYSIS = YES;
				CLANG_WARN_STRICT_PROTOTYPES = YES;
				CLANG_WARN_SUSPICIOUS_MOVE = YES;
				CLANG_WARN_UNGUARDED_AVAILABILITY = YES_AGGRESSIVE;
				CLANG_WARN_UNREACHABLE_CODE = YES;
				CLANG_WARN__DUPLICATE_METHOD_MATCH = YES;
				COPY_PHASE_STRIP = NO;
				DEBUG_INFORMATION_FORMAT = "dwarf-with-dsym";
				ENABLE_NS_ASSERTIONS = NO;
				ENABLE_STRICT_OBJC_MSGSEND = YES;
				GCC_C_LANGUAGE_STANDARD = gnu11;
				GCC_NO_COMMON_BLOCKS = YES;
				GCC_WARN_64_TO_32_BIT_CONVERSION = YES;
				GCC_WARN_ABOUT_RETURN_TYPE = YES_ERROR;
				GCC_WARN_UNDECLARED_SELECTOR = YES;
				GCC_WARN_UNINITIALIZED_AUTOS = YES_AGGRESSIVE;
				GCC_WARN_UNUSED_FUNCTION = YES;
				GCC_WARN_UNUSED_VARIABLE = YES;
				IPHONEOS_DEPLOYMENT_TARGET = 14.5;
				MTL_ENABLE_DEBUG_INFO = NO;
				MTL_FAST_MATH = YES;
				SDKROOT = iphoneos;
				SWIFT_COMPILATION_MODE = wholemodule;
				SWIFT_OPTIMIZATION_LEVEL = "-O";
				VALIDATE_PRODUCT = YES;
			};
			name = Release;
		};
		C61E646126E8D6110025295A /* Debug */ = {
			isa = XCBuildConfiguration;
			baseConfigurationReference = 690F0654BAC74A979312E766 /* Pods-FileManager.debug.xcconfig */;
			buildSettings = {
				ASSETCATALOG_COMPILER_APPICON_NAME = AppIcon;
				ASSETCATALOG_COMPILER_GLOBAL_ACCENT_COLOR_NAME = AccentColor;
				CODE_SIGN_STYLE = Automatic;
				DEVELOPMENT_TEAM = 34VCU6GX65;
				INFOPLIST_FILE = FileManager/Info.plist;
				LD_RUNPATH_SEARCH_PATHS = (
					"$(inherited)",
					"@executable_path/Frameworks",
				);
				PRODUCT_BUNDLE_IDENTIFIER = com.miklKonovalov.FileManager;
				PRODUCT_NAME = "$(TARGET_NAME)";
				SWIFT_VERSION = 5.0;
				TARGETED_DEVICE_FAMILY = "1,2";
			};
			name = Debug;
		};
		C61E646226E8D6110025295A /* Release */ = {
			isa = XCBuildConfiguration;
			baseConfigurationReference = 90B8AC96C9DA5DB2ED6836A4 /* Pods-FileManager.release.xcconfig */;
			buildSettings = {
				ASSETCATALOG_COMPILER_APPICON_NAME = AppIcon;
				ASSETCATALOG_COMPILER_GLOBAL_ACCENT_COLOR_NAME = AccentColor;
				CODE_SIGN_STYLE = Automatic;
				DEVELOPMENT_TEAM = 34VCU6GX65;
				INFOPLIST_FILE = FileManager/Info.plist;
				LD_RUNPATH_SEARCH_PATHS = (
					"$(inherited)",
					"@executable_path/Frameworks",
				);
				PRODUCT_BUNDLE_IDENTIFIER = com.miklKonovalov.FileManager;
				PRODUCT_NAME = "$(TARGET_NAME)";
				SWIFT_VERSION = 5.0;
				TARGETED_DEVICE_FAMILY = "1,2";
			};
			name = Release;
		};
		C61E646426E8D6110025295A /* Debug */ = {
			isa = XCBuildConfiguration;
			baseConfigurationReference = 08DD1145E9AE9E3B33BBD25A /* Pods-FileManagerTests.debug.xcconfig */;
			buildSettings = {
				ALWAYS_EMBED_SWIFT_STANDARD_LIBRARIES = YES;
				BUNDLE_LOADER = "$(TEST_HOST)";
				CODE_SIGN_STYLE = Automatic;
				DEVELOPMENT_TEAM = 34VCU6GX65;
				INFOPLIST_FILE = FileManagerTests/Info.plist;
				IPHONEOS_DEPLOYMENT_TARGET = 14.5;
				LD_RUNPATH_SEARCH_PATHS = (
					"$(inherited)",
					"@executable_path/Frameworks",
					"@loader_path/Frameworks",
				);
				PRODUCT_BUNDLE_IDENTIFIER = com.miklKonovalov.FileManagerTests;
				PRODUCT_NAME = "$(TARGET_NAME)";
				SWIFT_VERSION = 5.0;
				TARGETED_DEVICE_FAMILY = "1,2";
				TEST_HOST = "$(BUILT_PRODUCTS_DIR)/FileManager.app/FileManager";
			};
			name = Debug;
		};
		C61E646526E8D6110025295A /* Release */ = {
			isa = XCBuildConfiguration;
			baseConfigurationReference = 7F224E5683EC1E3E044B91C4 /* Pods-FileManagerTests.release.xcconfig */;
			buildSettings = {
				ALWAYS_EMBED_SWIFT_STANDARD_LIBRARIES = YES;
				BUNDLE_LOADER = "$(TEST_HOST)";
				CODE_SIGN_STYLE = Automatic;
				DEVELOPMENT_TEAM = 34VCU6GX65;
				INFOPLIST_FILE = FileManagerTests/Info.plist;
				IPHONEOS_DEPLOYMENT_TARGET = 14.5;
				LD_RUNPATH_SEARCH_PATHS = (
					"$(inherited)",
					"@executable_path/Frameworks",
					"@loader_path/Frameworks",
				);
				PRODUCT_BUNDLE_IDENTIFIER = com.miklKonovalov.FileManagerTests;
				PRODUCT_NAME = "$(TARGET_NAME)";
				SWIFT_VERSION = 5.0;
				TARGETED_DEVICE_FAMILY = "1,2";
				TEST_HOST = "$(BUILT_PRODUCTS_DIR)/FileManager.app/FileManager";
			};
			name = Release;
		};
		C61E646726E8D6110025295A /* Debug */ = {
			isa = XCBuildConfiguration;
			baseConfigurationReference = F2DE3D21D9D7C814411F7F11 /* Pods-FileManager-FileManagerUITests.debug.xcconfig */;
			buildSettings = {
				ALWAYS_EMBED_SWIFT_STANDARD_LIBRARIES = YES;
				CODE_SIGN_STYLE = Automatic;
				DEVELOPMENT_TEAM = 34VCU6GX65;
				INFOPLIST_FILE = FileManagerUITests/Info.plist;
				LD_RUNPATH_SEARCH_PATHS = (
					"$(inherited)",
					"@executable_path/Frameworks",
					"@loader_path/Frameworks",
				);
				PRODUCT_BUNDLE_IDENTIFIER = com.miklKonovalov.FileManagerUITests;
				PRODUCT_NAME = "$(TARGET_NAME)";
				SWIFT_VERSION = 5.0;
				TARGETED_DEVICE_FAMILY = "1,2";
				TEST_TARGET_NAME = FileManager;
			};
			name = Debug;
		};
		C61E646826E8D6110025295A /* Release */ = {
			isa = XCBuildConfiguration;
			baseConfigurationReference = A6E86C8E8D5199C11D27778C /* Pods-FileManager-FileManagerUITests.release.xcconfig */;
			buildSettings = {
				ALWAYS_EMBED_SWIFT_STANDARD_LIBRARIES = YES;
				CODE_SIGN_STYLE = Automatic;
				DEVELOPMENT_TEAM = 34VCU6GX65;
				INFOPLIST_FILE = FileManagerUITests/Info.plist;
				LD_RUNPATH_SEARCH_PATHS = (
					"$(inherited)",
					"@executable_path/Frameworks",
					"@loader_path/Frameworks",
				);
				PRODUCT_BUNDLE_IDENTIFIER = com.miklKonovalov.FileManagerUITests;
				PRODUCT_NAME = "$(TARGET_NAME)";
				SWIFT_VERSION = 5.0;
				TARGETED_DEVICE_FAMILY = "1,2";
				TEST_TARGET_NAME = FileManager;
			};
			name = Release;
		};
/* End XCBuildConfiguration section */

/* Begin XCConfigurationList section */
		C61E643126E8D60B0025295A /* Build configuration list for PBXProject "FileManager" */ = {
			isa = XCConfigurationList;
			buildConfigurations = (
				C61E645E26E8D6110025295A /* Debug */,
				C61E645F26E8D6110025295A /* Release */,
			);
			defaultConfigurationIsVisible = 0;
			defaultConfigurationName = Release;
		};
		C61E646026E8D6110025295A /* Build configuration list for PBXNativeTarget "FileManager" */ = {
			isa = XCConfigurationList;
			buildConfigurations = (
				C61E646126E8D6110025295A /* Debug */,
				C61E646226E8D6110025295A /* Release */,
			);
			defaultConfigurationIsVisible = 0;
			defaultConfigurationName = Release;
		};
		C61E646326E8D6110025295A /* Build configuration list for PBXNativeTarget "FileManagerTests" */ = {
			isa = XCConfigurationList;
			buildConfigurations = (
				C61E646426E8D6110025295A /* Debug */,
				C61E646526E8D6110025295A /* Release */,
			);
			defaultConfigurationIsVisible = 0;
			defaultConfigurationName = Release;
		};
		C61E646626E8D6110025295A /* Build configuration list for PBXNativeTarget "FileManagerUITests" */ = {
			isa = XCConfigurationList;
			buildConfigurations = (
				C61E646726E8D6110025295A /* Debug */,
				C61E646826E8D6110025295A /* Release */,
			);
			defaultConfigurationIsVisible = 0;
			defaultConfigurationName = Release;
		};
/* End XCConfigurationList section */
	};
	rootObject = C61E642E26E8D60B0025295A /* Project object */;
}
